{
  "originHash" : "578a4d72f998b8770af25f520bbc1488e8e53274bef967576a2535a6b281c476",
  "pins" : [
    {
      "identity" : "swiftcbor",
      "kind" : "remoteSourceControl",
      "location" : "https://github.com/valpackett/SwiftCBOR",
      "state" : {
        "branch" : "master",
        "revision" : "ec24382864e5ffc6d3915c0818745d5ab12545a8"
      }
    }
  ],
  "version" : 3
}
