// !$*UTF8*$!
{
	archiveVersion = 1;
	classes = {
	};
	objectVersion = 56;
	objects = {

/* Begin PBXBuildFile section */
		27FC7AA82C8CEB680026D040 /* SwiftA1.docc in Sources */ = {isa = PBXBuildFile; fileRef = 27FC7AA72C8CEB680026D040 /* SwiftA1.docc */; };
		27FC7AAE2C8CEB680026D040 /* SwiftA1.framework in Frameworks */ = {isa = PBXBuildFile; fileRef = 27FC7AA32C8CEB680026D040 /* SwiftA1.framework */; };
		27FC7AB32C8CEB680026D040 /* SwiftA1Tests.swift in Sources */ = {isa = PBXBuildFile; fileRef = 27FC7AB22C8CEB680026D040 /* SwiftA1Tests.swift */; };
		27FC7AB42C8CEB680026D040 /* SwiftA1.h in Headers */ = {isa = PBXBuildFile; fileRef = 27FC7AA62C8CEB680026D040 /* SwiftA1.h */; settings = {ATTRIBUTES = (Public, ); }; };
		27FC7ABF2C8CEB8B0026D040 /* SwiftCBOR in Frameworks */ = {isa = PBXBuildFile; productRef = 27FC7ABE2C8CEB8B0026D040 /* SwiftCBOR */; };
		27FC7AC72C8CECE20026D040 /* Extensions.swift in Sources */ = {isa = PBXBuildFile; fileRef = 27FC7AC02C8CECE20026D040 /* Extensions.swift */; };
		27FC7AC82C8CECE20026D040 /* InitiationCommand.swift in Sources */ = {isa = PBXBuildFile; fileRef = 27FC7AC12C8CECE20026D040 /* InitiationCommand.swift */; };
		27FC7ACA2C8CECE20026D040 /* InitiationResponse.swift in Sources */ = {isa = PBXBuildFile; fileRef = 27FC7AC32C8CECE20026D040 /* InitiationResponse.swift */; };
		27FC7ACB2C8CECE20026D040 /* KickoffCommand.swift in Sources */ = {isa = PBXBuildFile; fileRef = 27FC7AC42C8CECE20026D040 /* KickoffCommand.swift */; };
		27FC7ACC2C8CECE20026D040 /* CBORSequence.swift in Sources */ = {isa = PBXBuildFile; fileRef = 27FC7AC52C8CECE20026D040 /* CBORSequence.swift */; };
/* End PBXBuildFile section */

/* Begin PBXContainerItemProxy section */
		27FC7AAF2C8CEB680026D040 /* PBXContainerItemProxy */ = {
			isa = PBXContainerItemProxy;
			containerPortal = 27FC7A9A2C8CEB680026D040 /* Project object */;
			proxyType = 1;
			remoteGlobalIDString = 27FC7AA22C8CEB680026D040;
			remoteInfo = SwiftA1;
		};
/* End PBXContainerItemProxy section */

/* Begin PBXFileReference section */
		27FC7AA32C8CEB680026D040 /* SwiftA1.framework */ = {isa = PBXFileReference; explicitFileType = wrapper.framework; includeInIndex = 0; path = SwiftA1.framework; sourceTree = BUILT_PRODUCTS_DIR; };
		27FC7AA62C8CEB680026D040 /* SwiftA1.h */ = {isa = PBXFileReference; lastKnownFileType = sourcecode.c.h; path = SwiftA1.h; sourceTree = "<group>"; };
		27FC7AA72C8CEB680026D040 /* SwiftA1.docc */ = {isa = PBXFileReference; lastKnownFileType = folder.documentationcatalog; path = SwiftA1.docc; sourceTree = "<group>"; };
		27FC7AAD2C8CEB680026D040 /* SwiftA1Tests.xctest */ = {isa = PBXFileReference; explicitFileType = wrapper.cfbundle; includeInIndex = 0; path = SwiftA1Tests.xctest; sourceTree = BUILT_PRODUCTS_DIR; };
		27FC7AB22C8CEB680026D040 /* SwiftA1Tests.swift */ = {isa = PBXFileReference; lastKnownFileType = sourcecode.swift; path = SwiftA1Tests.swift; sourceTree = "<group>"; };
		27FC7AC02C8CECE20026D040 /* Extensions.swift */ = {isa = PBXFileReference; fileEncoding = 4; lastKnownFileType = sourcecode.swift; path = Extensions.swift; sourceTree = "<group>"; };
		27FC7AC12C8CECE20026D040 /* InitiationCommand.swift */ = {isa = PBXFileReference; fileEncoding = 4; lastKnownFileType = sourcecode.swift; path = InitiationCommand.swift; sourceTree = "<group>"; };
		27FC7AC32C8CECE20026D040 /* InitiationResponse.swift */ = {isa = PBXFileReference; fileEncoding = 4; lastKnownFileType = sourcecode.swift; path = InitiationResponse.swift; sourceTree = "<group>"; };
		27FC7AC42C8CECE20026D040 /* KickoffCommand.swift */ = {isa = PBXFileReference; fileEncoding = 4; lastKnownFileType = sourcecode.swift; path = KickoffCommand.swift; sourceTree = "<group>"; };
		27FC7AC52C8CECE20026D040 /* CBORSequence.swift */ = {isa = PBXFileReference; fileEncoding = 4; lastKnownFileType = sourcecode.swift; path = CBORSequence.swift; sourceTree = "<group>"; };
/* End PBXFileReference section */

/* Begin PBXFrameworksBuildPhase section */
		27FC7AA02C8CEB680026D040 /* Frameworks */ = {
			isa = PBXFrameworksBuildPhase;
			buildActionMask = 2147483647;
			files = (
				27FC7ABF2C8CEB8B0026D040 /* SwiftCBOR in Frameworks */,
			);
			runOnlyForDeploymentPostprocessing = 0;
		};
		27FC7AAA2C8CEB680026D040 /* Frameworks */ = {
			isa = PBXFrameworksBuildPhase;
			buildActionMask = 2147483647;
			files = (
				27FC7AAE2C8CEB680026D040 /* SwiftA1.framework in Frameworks */,
			);
			runOnlyForDeploymentPostprocessing = 0;
		};
/* End PBXFrameworksBuildPhase section */

/* Begin PBXGroup section */
		27FC7A992C8CEB680026D040 = {
			isa = PBXGroup;
			children = (
				27FC7AA52C8CEB680026D040 /* SwiftA1 */,
				27FC7AB12C8CEB680026D040 /* SwiftA1Tests */,
				27FC7AA42C8CEB680026D040 /* Products */,
			);
			sourceTree = "<group>";
		};
		27FC7AA42C8CEB680026D040 /* Products */ = {
			isa = PBXGroup;
			children = (
				27FC7AA32C8CEB680026D040 /* SwiftA1.framework */,
				27FC7AAD2C8CEB680026D040 /* SwiftA1Tests.xctest */,
			);
			name = Products;
			sourceTree = "<group>";
		};
		27FC7AA52C8CEB680026D040 /* SwiftA1 */ = {
			isa = PBXGroup;
			children = (
				27FC7AC12C8CECE20026D040 /* InitiationCommand.swift */,
				27FC7AC32C8CECE20026D040 /* InitiationResponse.swift */,
				27FC7AC42C8CECE20026D040 /* KickoffCommand.swift */,
				27FC7AC52C8CECE20026D040 /* CBORSequence.swift */,
				27FC7AC02C8CECE20026D040 /* Extensions.swift */,
				27FC7AA62C8CEB680026D040 /* SwiftA1.h */,
				27FC7AA72C8CEB680026D040 /* SwiftA1.docc */,
			);
			path = SwiftA1;
			sourceTree = "<group>";
		};
		27FC7AB12C8CEB680026D040 /* SwiftA1Tests */ = {
			isa = PBXGroup;
			children = (
				27FC7AB22C8CEB680026D040 /* SwiftA1Tests.swift */,
			);
			path = SwiftA1Tests;
			sourceTree = "<group>";
		};
/* End PBXGroup section */

/* Begin PBXHeadersBuildPhase section */
		27FC7A9E2C8CEB680026D040 /* Headers */ = {
			isa = PBXHeadersBuildPhase;
			buildActionMask = 2147483647;
			files = (
				27FC7AB42C8CEB680026D040 /* SwiftA1.h in Headers */,
			);
			runOnlyForDeploymentPostprocessing = 0;
		};
/* End PBXHeadersBuildPhase section */

/* Begin PBXNativeTarget section */
		27FC7AA22C8CEB680026D040 /* SwiftA1 */ = {
			isa = PBXNativeTarget;
			buildConfigurationList = 27FC7AB72C8CEB680026D040 /* Build configuration list for PBXNativeTarget "SwiftA1" */;
			buildPhases = (
				27FC7A9E2C8CEB680026D040 /* Headers */,
				27FC7A9F2C8CEB680026D040 /* Sources */,
				27FC7AA02C8CEB680026D040 /* Frameworks */,
				27FC7AA12C8CEB680026D040 /* Resources */,
			);
			buildRules = (
			);
			dependencies = (
			);
			name = SwiftA1;
			packageProductDependencies = (
				27FC7ABE2C8CEB8B0026D040 /* SwiftCBOR */,
			);
			productName = SwiftA1;
			productReference = 27FC7AA32C8CEB680026D040 /* SwiftA1.framework */;
			productType = "com.apple.product-type.framework";
		};
		27FC7AAC2C8CEB680026D040 /* SwiftA1Tests */ = {
			isa = PBXNativeTarget;
			buildConfigurationList = 27FC7ABA2C8CEB680026D040 /* Build configuration list for PBXNativeTarget "SwiftA1Tests" */;
			buildPhases = (
				27FC7AA92C8CEB680026D040 /* Sources */,
				27FC7AAA2C8CEB680026D040 /* Frameworks */,
				27FC7AAB2C8CEB680026D040 /* Resources */,
			);
			buildRules = (
			);
			dependencies = (
				27FC7AB02C8CEB680026D040 /* PBXTargetDependency */,
			);
			name = SwiftA1Tests;
			productName = SwiftA1Tests;
			productReference = 27FC7AAD2C8CEB680026D040 /* SwiftA1Tests.xctest */;
			productType = "com.apple.product-type.bundle.unit-test";
		};
/* End PBXNativeTarget section */

/* Begin PBXProject section */
		27FC7A9A2C8CEB680026D040 /* Project object */ = {
			isa = PBXProject;
			attributes = {
				BuildIndependentTargetsInParallel = 1;
				LastSwiftUpdateCheck = 1540;
				LastUpgradeCheck = 1540;
				TargetAttributes = {
					27FC7AA22C8CEB680026D040 = {
						CreatedOnToolsVersion = 15.4;
					};
					27FC7AAC2C8CEB680026D040 = {
						CreatedOnToolsVersion = 15.4;
					};
				};
			};
			buildConfigurationList = 27FC7A9D2C8CEB680026D040 /* Build configuration list for PBXProject "SwiftA1" */;
			compatibilityVersion = "Xcode 14.0";
			developmentRegion = en;
			hasScannedForEncodings = 0;
			knownRegions = (
				en,
				Base,
			);
			mainGroup = 27FC7A992C8CEB680026D040;
			packageReferences = (
				27FC7ABD2C8CEB8B0026D040 /* XCRemoteSwiftPackageReference "SwiftCBOR" */,
			);
			productRefGroup = 27FC7AA42C8CEB680026D040 /* Products */;
			projectDirPath = "";
			projectRoot = "";
			targets = (
				27FC7AA22C8CEB680026D040 /* SwiftA1 */,
				27FC7AAC2C8CEB680026D040 /* SwiftA1Tests */,
			);
		};
/* End PBXProject section */

/* Begin PBXResourcesBuildPhase section */
		27FC7AA12C8CEB680026D040 /* Resources */ = {
			isa = PBXResourcesBuildPhase;
			buildActionMask = 2147483647;
			files = (
			);
			runOnlyForDeploymentPostprocessing = 0;
		};
		27FC7AAB2C8CEB680026D040 /* Resources */ = {
			isa = PBXResourcesBuildPhase;
			buildActionMask = 2147483647;
			files = (
			);
			runOnlyForDeploymentPostprocessing = 0;
		};
/* End PBXResourcesBuildPhase section */

/* Begin PBXSourcesBuildPhase section */
		27FC7A9F2C8CEB680026D040 /* Sources */ = {
			isa = PBXSourcesBuildPhase;
			buildActionMask = 2147483647;
			files = (
				27FC7AC82C8CECE20026D040 /* InitiationCommand.swift in Sources */,
				27FC7ACB2C8CECE20026D040 /* KickoffCommand.swift in Sources */,
				27FC7AA82C8CEB680026D040 /* SwiftA1.docc in Sources */,
				27FC7ACA2C8CECE20026D040 /* InitiationResponse.swift in Sources */,
				27FC7AC72C8CECE20026D040 /* Extensions.swift in Sources */,
				27FC7ACC2C8CECE20026D040 /* CBORSequence.swift in Sources */,
			);
			runOnlyForDeploymentPostprocessing = 0;
		};
		27FC7AA92C8CEB680026D040 /* Sources */ = {
			isa = PBXSourcesBuildPhase;
			buildActionMask = 2147483647;
			files = (
				27FC7AB32C8CEB680026D040 /* SwiftA1Tests.swift in Sources */,
			);
			runOnlyForDeploymentPostprocessing = 0;
		};
/* End PBXSourcesBuildPhase section */

/* Begin PBXTargetDependency section */
		27FC7AB02C8CEB680026D040 /* PBXTargetDependency */ = {
			isa = PBXTargetDependency;
			target = 27FC7AA22C8CEB680026D040 /* SwiftA1 */;
			targetProxy = 27FC7AAF2C8CEB680026D040 /* PBXContainerItemProxy */;
		};
/* End PBXTargetDependency section */

/* Begin XCBuildConfiguration section */
		27FC7AB52C8CEB680026D040 /* Debug */ = {
			isa = XCBuildConfiguration;
			buildSettings = {
				ALWAYS_SEARCH_USER_PATHS = NO;
				ASSETCATALOG_COMPILER_GENERATE_SWIFT_ASSET_SYMBOL_EXTENSIONS = YES;
				CLANG_ANALYZER_NONNULL = YES;
				CLANG_ANALYZER_NUMBER_OBJECT_CONVERSION = YES_AGGRESSIVE;
				CLANG_CXX_LANGUAGE_STANDARD = "gnu++20";
				CLANG_ENABLE_MODULES = YES;
				CLANG_ENABLE_OBJC_ARC = YES;
				CLANG_ENABLE_OBJC_WEAK = YES;
				CLANG_WARN_BLOCK_CAPTURE_AUTORELEASING = YES;
				CLANG_WARN_BOOL_CONVERSION = YES;
				CLANG_WARN_COMMA = YES;
				CLANG_WARN_CONSTANT_CONVERSION = YES;
				CLANG_WARN_DEPRECATED_OBJC_IMPLEMENTATIONS = YES;
				CLANG_WARN_DIRECT_OBJC_ISA_USAGE = YES_ERROR;
				CLANG_WARN_DOCUMENTATION_COMMENTS = YES;
				CLANG_WARN_EMPTY_BODY = YES;
				CLANG_WARN_ENUM_CONVERSION = YES;
				CLANG_WARN_INFINITE_RECURSION = YES;
				CLANG_WARN_INT_CONVERSION = YES;
				CLANG_WARN_NON_LITERAL_NULL_CONVERSION = YES;
				CLANG_WARN_OBJC_IMPLICIT_RETAIN_SELF = YES;
				CLANG_WARN_OBJC_LITERAL_CONVERSION = YES;
				CLANG_WARN_OBJC_ROOT_CLASS = YES_ERROR;
				CLANG_WARN_QUOTED_INCLUDE_IN_FRAMEWORK_HEADER = YES;
				CLANG_WARN_RANGE_LOOP_ANALYSIS = YES;
				CLANG_WARN_STRICT_PROTOTYPES = YES;
				CLANG_WARN_SUSPICIOUS_MOVE = YES;
				CLANG_WARN_UNGUARDED_AVAILABILITY = YES_AGGRESSIVE;
				CLANG_WARN_UNREACHABLE_CODE = YES;
				CLANG_WARN__DUPLICATE_METHOD_MATCH = YES;
				COPY_PHASE_STRIP = NO;
				CURRENT_PROJECT_VERSION = 1;
				DEBUG_INFORMATION_FORMAT = dwarf;
				ENABLE_STRICT_OBJC_MSGSEND = YES;
				ENABLE_TESTABILITY = YES;
				ENABLE_USER_SCRIPT_SANDBOXING = YES;
				GCC_C_LANGUAGE_STANDARD = gnu17;
				GCC_DYNAMIC_NO_PIC = NO;
				GCC_NO_COMMON_BLOCKS = YES;
				GCC_OPTIMIZATION_LEVEL = 0;
				GCC_PREPROCESSOR_DEFINITIONS = (
					"DEBUG=1",
					"$(inherited)",
				);
				GCC_WARN_64_TO_32_BIT_CONVERSION = YES;
				GCC_WARN_ABOUT_RETURN_TYPE = YES_ERROR;
				GCC_WARN_UNDECLARED_SELECTOR = YES;
				GCC_WARN_UNINITIALIZED_AUTOS = YES_AGGRESSIVE;
				GCC_WARN_UNUSED_FUNCTION = YES;
				GCC_WARN_UNUSED_VARIABLE = YES;
				IPHONEOS_DEPLOYMENT_TARGET = 17.5;
				LOCALIZATION_PREFERS_STRING_CATALOGS = YES;
				MTL_ENABLE_DEBUG_INFO = INCLUDE_SOURCE;
				MTL_FAST_MATH = YES;
				ONLY_ACTIVE_ARCH = YES;
				SDKROOT = iphoneos;
				SWIFT_ACTIVE_COMPILATION_CONDITIONS = "DEBUG $(inherited)";
				SWIFT_OPTIMIZATION_LEVEL = "-Onone";
				VERSIONING_SYSTEM = "apple-generic";
				VERSION_INFO_PREFIX = "";
			};
			name = Debug;
		};
		27FC7AB62C8CEB680026D040 /* Release */ = {
			isa = XCBuildConfiguration;
			buildSettings = {
				ALWAYS_SEARCH_USER_PATHS = NO;
				ASSETCATALOG_COMPILER_GENERATE_SWIFT_ASSET_SYMBOL_EXTENSIONS = YES;
				CLANG_ANALYZER_NONNULL = YES;
				CLANG_ANALYZER_NUMBER_OBJECT_CONVERSION = YES_AGGRESSIVE;
				CLANG_CXX_LANGUAGE_STANDARD = "gnu++20";
				CLANG_ENABLE_MODULES = YES;
				CLANG_ENABLE_OBJC_ARC = YES;
				CLANG_ENABLE_OBJC_WEAK = YES;
				CLANG_WARN_BLOCK_CAPTURE_AUTORELEASING = YES;
				CLANG_WARN_BOOL_CONVERSION = YES;
				CLANG_WARN_COMMA = YES;
				CLANG_WARN_CONSTANT_CONVERSION = YES;
				CLANG_WARN_DEPRECATED_OBJC_IMPLEMENTATIONS = YES;
				CLANG_WARN_DIRECT_OBJC_ISA_USAGE = YES_ERROR;
				CLANG_WARN_DOCUMENTATION_COMMENTS = YES;
				CLANG_WARN_EMPTY_BODY = YES;
				CLANG_WARN_ENUM_CONVERSION = YES;
				CLANG_WARN_INFINITE_RECURSION = YES;
				CLANG_WARN_INT_CONVERSION = YES;
				CLANG_WARN_NON_LITERAL_NULL_CONVERSION = YES;
				CLANG_WARN_OBJC_IMPLICIT_RETAIN_SELF = YES;
				CLANG_WARN_OBJC_LITERAL_CONVERSION = YES;
				CLANG_WARN_OBJC_ROOT_CLASS = YES_ERROR;
				CLANG_WARN_QUOTED_INCLUDE_IN_FRAMEWORK_HEADER = YES;
				CLANG_WARN_RANGE_LOOP_ANALYSIS = YES;
				CLANG_WARN_STRICT_PROTOTYPES = YES;
				CLANG_WARN_SUSPICIOUS_MOVE = YES;
				CLANG_WARN_UNGUARDED_AVAILABILITY = YES_AGGRESSIVE;
				CLANG_WARN_UNREACHABLE_CODE = YES;
				CLANG_WARN__DUPLICATE_METHOD_MATCH = YES;
				COPY_PHASE_STRIP = NO;
				CURRENT_PROJECT_VERSION = 1;
				DEBUG_INFORMATION_FORMAT = "dwarf-with-dsym";
				ENABLE_NS_ASSERTIONS = NO;
				ENABLE_STRICT_OBJC_MSGSEND = YES;
				ENABLE_USER_SCRIPT_SANDBOXING = YES;
				GCC_C_LANGUAGE_STANDARD = gnu17;
				GCC_NO_COMMON_BLOCKS = YES;
				GCC_WARN_64_TO_32_BIT_CONVERSION = YES;
				GCC_WARN_ABOUT_RETURN_TYPE = YES_ERROR;
				GCC_WARN_UNDECLARED_SELECTOR = YES;
				GCC_WARN_UNINITIALIZED_AUTOS = YES_AGGRESSIVE;
				GCC_WARN_UNUSED_FUNCTION = YES;
				GCC_WARN_UNUSED_VARIABLE = YES;
				IPHONEOS_DEPLOYMENT_TARGET = 17.5;
				LOCALIZATION_PREFERS_STRING_CATALOGS = YES;
				MTL_ENABLE_DEBUG_INFO = NO;
				MTL_FAST_MATH = YES;
				SDKROOT = iphoneos;
				SWIFT_COMPILATION_MODE = wholemodule;
				VALIDATE_PRODUCT = YES;
				VERSIONING_SYSTEM = "apple-generic";
				VERSION_INFO_PREFIX = "";
			};
			name = Release;
		};
		27FC7AB82C8CEB680026D040 /* Debug */ = {
			isa = XCBuildConfiguration;
			buildSettings = {
				BUILD_LIBRARY_FOR_DISTRIBUTION = YES;
				CODE_SIGN_STYLE = Automatic;
				CURRENT_PROJECT_VERSION = 1;
				DEFINES_MODULE = YES;
				DEVELOPMENT_TEAM = 3R44BTH39W;
				DYLIB_COMPATIBILITY_VERSION = 1;
				DYLIB_CURRENT_VERSION = 1;
				DYLIB_INSTALL_NAME_BASE = "@rpath";
				ENABLE_MODULE_VERIFIER = YES;
				GENERATE_INFOPLIST_FILE = YES;
				INFOPLIST_KEY_NSHumanReadableCopyright = "";
				INSTALL_PATH = "$(LOCAL_LIBRARY_DIR)/Frameworks";
				LD_RUNPATH_SEARCH_PATHS = (
					"$(inherited)",
					"@executable_path/Frameworks",
					"@loader_path/Frameworks",
				);
				MARKETING_VERSION = 1.0;
				MODULE_VERIFIER_SUPPORTED_LANGUAGES = "objective-c objective-c++";
				MODULE_VERIFIER_SUPPORTED_LANGUAGE_STANDARDS = "gnu17 gnu++20";
				PRODUCT_BUNDLE_IDENTIFIER = com.overlaypayments.SwiftA1;
				PRODUCT_NAME = "$(TARGET_NAME:c99extidentifier)";
				SKIP_INSTALL = YES;
				SWIFT_EMIT_LOC_STRINGS = YES;
				SWIFT_INSTALL_OBJC_HEADER = NO;
				SWIFT_VERSION = 5.0;
				TARGETED_DEVICE_FAMILY = "1,2";
			};
			name = Debug;
		};
		27FC7AB92C8CEB680026D040 /* Release */ = {
			isa = XCBuildConfiguration;
			buildSettings = {
				BUILD_LIBRARY_FOR_DISTRIBUTION = YES;
				CODE_SIGN_STYLE = Automatic;
				CURRENT_PROJECT_VERSION = 1;
				DEFINES_MODULE = YES;
				DEVELOPMENT_TEAM = 3R44BTH39W;
				DYLIB_COMPATIBILITY_VERSION = 1;
				DYLIB_CURRENT_VERSION = 1;
				DYLIB_INSTALL_NAME_BASE = "@rpath";
				ENABLE_MODULE_VERIFIER = YES;
				GENERATE_INFOPLIST_FILE = YES;
				INFOPLIST_KEY_NSHumanReadableCopyright = "";
				INSTALL_PATH = "$(LOCAL_LIBRARY_DIR)/Frameworks";
				LD_RUNPATH_SEARCH_PATHS = (
					"$(inherited)",
					"@executable_path/Frameworks",
					"@loader_path/Frameworks",
				);
				MARKETING_VERSION = 1.0;
				MODULE_VERIFIER_SUPPORTED_LANGUAGES = "objective-c objective-c++";
				MODULE_VERIFIER_SUPPORTED_LANGUAGE_STANDARDS = "gnu17 gnu++20";
				PRODUCT_BUNDLE_IDENTIFIER = com.overlaypayments.SwiftA1;
				PRODUCT_NAME = "$(TARGET_NAME:c99extidentifier)";
				SKIP_INSTALL = YES;
				SWIFT_EMIT_LOC_STRINGS = YES;
				SWIFT_INSTALL_OBJC_HEADER = NO;
				SWIFT_VERSION = 5.0;
				TARGETED_DEVICE_FAMILY = "1,2";
			};
			name = Release;
		};
		27FC7ABB2C8CEB680026D040 /* Debug */ = {
			isa = XCBuildConfiguration;
			buildSettings = {
				ALWAYS_EMBED_SWIFT_STANDARD_LIBRARIES = YES;
				CODE_SIGN_STYLE = Automatic;
				CURRENT_PROJECT_VERSION = 1;
				DEVELOPMENT_TEAM = 3R44BTH39W;
				GENERATE_INFOPLIST_FILE = YES;
				MARKETING_VERSION = 1.0;
				PRODUCT_BUNDLE_IDENTIFIER = com.overlaypayments.SwiftA1Tests;
				PRODUCT_NAME = "$(TARGET_NAME)";
				SWIFT_EMIT_LOC_STRINGS = NO;
				SWIFT_VERSION = 5.0;
				TARGETED_DEVICE_FAMILY = "1,2";
			};
			name = Debug;
		};
		27FC7ABC2C8CEB680026D040 /* Release */ = {
			isa = XCBuildConfiguration;
			buildSettings = {
				ALWAYS_EMBED_SWIFT_STANDARD_LIBRARIES = YES;
				CODE_SIGN_STYLE = Automatic;
				CURRENT_PROJECT_VERSION = 1;
				DEVELOPMENT_TEAM = 3R44BTH39W;
				GENERATE_INFOPLIST_FILE = YES;
				MARKETING_VERSION = 1.0;
				PRODUCT_BUNDLE_IDENTIFIER = com.overlaypayments.SwiftA1Tests;
				PRODUCT_NAME = "$(TARGET_NAME)";
				SWIFT_EMIT_LOC_STRINGS = NO;
				SWIFT_VERSION = 5.0;
				TARGETED_DEVICE_FAMILY = "1,2";
			};
			name = Release;
		};
/* End XCBuildConfiguration section */

/* Begin XCConfigurationList section */
		27FC7A9D2C8CEB680026D040 /* Build configuration list for PBXProject "SwiftA1" */ = {
			isa = XCConfigurationList;
			buildConfigurations = (
				27FC7AB52C8CEB680026D040 /* Debug */,
				27FC7AB62C8CEB680026D040 /* Release */,
			);
			defaultConfigurationIsVisible = 0;
			defaultConfigurationName = Release;
		};
		27FC7AB72C8CEB680026D040 /* Build configuration list for PBXNativeTarget "SwiftA1" */ = {
			isa = XCConfigurationList;
			buildConfigurations = (
				27FC7AB82C8CEB680026D040 /* Debug */,
				27FC7AB92C8CEB680026D040 /* Release */,
			);
			defaultConfigurationIsVisible = 0;
			defaultConfigurationName = Release;
		};
		27FC7ABA2C8CEB680026D040 /* Build configuration list for PBXNativeTarget "SwiftA1Tests" */ = {
			isa = XCConfigurationList;
			buildConfigurations = (
				27FC7ABB2C8CEB680026D040 /* Debug */,
				27FC7ABC2C8CEB680026D040 /* Release */,
			);
			defaultConfigurationIsVisible = 0;
			defaultConfigurationName = Release;
		};
/* End XCConfigurationList section */

/* Begin XCRemoteSwiftPackageReference section */
		27FC7ABD2C8CEB8B0026D040 /* XCRemoteSwiftPackageReference "SwiftCBOR" */ = {
			isa = XCRemoteSwiftPackageReference;
			repositoryURL = "https://github.com/valpackett/SwiftCBOR";
			requirement = {
				branch = master;
				kind = branch;
			};
		};
/* End XCRemoteSwiftPackageReference section */

/* Begin XCSwiftPackageProductDependency section */
		27FC7ABE2C8CEB8B0026D040 /* SwiftCBOR */ = {
			isa = XCSwiftPackageProductDependency;
			package = 27FC7ABD2C8CEB8B0026D040 /* XCRemoteSwiftPackageReference "SwiftCBOR" */;
			productName = SwiftCBOR;
		};
/* End XCSwiftPackageProductDependency section */
	};
	rootObject = 27FC7A9A2C8CEB680026D040 /* Project object */;
}
